
Microsoft Visual Studio Solution File, Format Version 12.00
# Visual Studio 15
VisualStudioVersion = 15.0.28010.2048
MinimumVisualStudioVersion = 10.0.40219.1
Project("{9A19103F-16F7-4668-BE54-9A1E7A4F7556}") = "LocusPocusBot", "LocusPocusBot\LocusPocusBot.csproj", "{C8F7235C-97BF-4EDE-AE58-A087FF5D275D}"
EndProject
Project("{9A19103F-16F7-4668-BE54-9A1E7A4F7556}") = "LocusPocusBot.Rooms", "LocusPocusBot.Rooms\LocusPocusBot.Rooms.csproj", "{7553FC3C-ACE0-421A-98DC-662DB1479544}"
EndProject
Project("{9A19103F-16F7-4668-BE54-9A1E7A4F7556}") = "CustomConsoleLogger", "CustomConsoleLogger\CustomConsoleLogger.csproj", "{BD41CE77-6539-4146-A3C4-1D792D576874}"
EndProject
Global
	GlobalSection(SolutionConfigurationPlatforms) = preSolution
		Debug|Any CPU = Debug|Any CPU
		Release|Any CPU = Release|Any CPU
	EndGlobalSection
	GlobalSection(ProjectConfigurationPlatforms) = postSolution
		{C8F7235C-97BF-4EDE-AE58-A087FF5D275D}.Debug|Any CPU.ActiveCfg = Debug|Any CPU
		{C8F7235C-97BF-4EDE-AE58-A087FF5D275D}.Debug|Any CPU.Build.0 = Debug|Any CPU
		{C8F7235C-97BF-4EDE-AE58-A087FF5D275D}.Release|Any CPU.ActiveCfg = Release|Any CPU
		{C8F7235C-97BF-4EDE-AE58-A087FF5D275D}.Release|Any CPU.Build.0 = Release|Any CPU
		{7553FC3C-ACE0-421A-98DC-662DB1479544}.Debug|Any CPU.ActiveCfg = Debug|Any CPU
		{7553FC3C-ACE0-421A-98DC-662DB1479544}.Debug|Any CPU.Build.0 = Debug|Any CPU
		{7553FC3C-ACE0-421A-98DC-662DB1479544}.Release|Any CPU.ActiveCfg = Release|Any CPU
		{7553FC3C-ACE0-421A-98DC-662DB1479544}.Release|Any CPU.Build.0 = Release|Any CPU
		{BD41CE77-6539-4146-A3C4-1D792D576874}.Debug|Any CPU.ActiveCfg = Debug|Any CPU
		{BD41CE77-6539-4146-A3C4-1D792D576874}.Debug|Any CPU.Build.0 = Debug|Any CPU
		{BD41CE77-6539-4146-A3C4-1D792D576874}.Release|Any CPU.ActiveCfg = Release|Any CPU
		{BD41CE77-6539-4146-A3C4-1D792D576874}.Release|Any CPU.Build.0 = Release|Any CPU
	EndGlobalSection
	GlobalSection(SolutionProperties) = preSolution
		HideSolutionNode = FALSE
	EndGlobalSection
	GlobalSection(ExtensibilityGlobals) = postSolution
		SolutionGuid = {DD6B0652-F4BC-4E86-A14C-B848F50F6E80}
	EndGlobalSection
EndGlobal
